
Microsoft Visual Studio Solution File, Format Version 12.00
# Visual Studio 15
VisualStudioVersion = 15.0.27130.2003
MinimumVisualStudioVersion = 10.0.40219.1
Project("{FAE04EC0-301F-11D3-BF4B-00C04F79EFBC}") = "FDMProjectWeb", "FDMProjectWeb\FDMProjectWeb.csproj", "{991D34E6-3C0B-4454-9E88-53D56A1D8FF9}"
EndProject
Global
	GlobalSection(SolutionConfigurationPlatforms) = preSolution
		Debug|Any CPU = Debug|Any CPU
		Release|Any CPU = Release|Any CPU
	EndGlobalSection
	GlobalSection(ProjectConfigurationPlatforms) = postSolution
		{991D34E6-3C0B-4454-9E88-53D56A1D8FF9}.Debug|Any CPU.ActiveCfg = Debug|Any CPU
		{991D34E6-3C0B-4454-9E88-53D56A1D8FF9}.Debug|Any CPU.Build.0 = Debug|Any CPU
		{991D34E6-3C0B-4454-9E88-53D56A1D8FF9}.Release|Any CPU.ActiveCfg = Release|Any CPU
		{991D34E6-3C0B-4454-9E88-53D56A1D8FF9}.Release|Any CPU.Build.0 = Release|Any CPU
	EndGlobalSection
	GlobalSection(SolutionProperties) = preSolution
		HideSolutionNode = FALSE
	EndGlobalSection
	GlobalSection(ExtensibilityGlobals) = postSolution
		SolutionGuid = {CB5ACCF1-E831-4995-8DB6-586AC92A88E5}
	EndGlobalSection
EndGlobal
